
Microsoft Visual Studio Solution File, Format Version 12.00
# Visual Studio Version 17
VisualStudioVersion = 17.11.35222.181
MinimumVisualStudioVersion = 10.0.40219.1
Project("{FAE04EC0-301F-11D3-BF4B-00C04F79EFBC}") = "AcademIQ_backend", "AcademIQ_backend.csproj", "{BE1C4149-01DE-4EDB-AF7A-A3039D73B3D6}"
EndProject
Global
	GlobalSection(SolutionConfigurationPlatforms) = preSolution
		Debug|Any CPU = Debug|Any CPU
		Release|Any CPU = Release|Any CPU
	EndGlobalSection
	GlobalSection(ProjectConfigurationPlatforms) = postSolution
		{BE1C4149-01DE-4EDB-AF7A-A3039D73B3D6}.Debug|Any CPU.ActiveCfg = Debug|Any CPU
		{BE1C4149-01DE-4EDB-AF7A-A3039D73B3D6}.Debug|Any CPU.Build.0 = Debug|Any CPU
		{BE1C4149-01DE-4EDB-AF7A-A3039D73B3D6}.Release|Any CPU.ActiveCfg = Release|Any CPU
		{BE1C4149-01DE-4EDB-AF7A-A3039D73B3D6}.Release|Any CPU.Build.0 = Release|Any CPU
	EndGlobalSection
	GlobalSection(SolutionProperties) = preSolution
		HideSolutionNode = FALSE
	EndGlobalSection
	GlobalSection(ExtensibilityGlobals) = postSolution
		SolutionGuid = {82E52E0D-2D2A-48B3-AD9C-3F366C105379}
	EndGlobalSection
EndGlobal
